// !$*UTF8*$!
{
	archiveVersion = 1;
	classes = {
	};
	objectVersion = 50;
	objects = {

/* Begin PBXBuildFile section */
		786E965620B7C7C10057E103 /* FactsFeedModelTests.swift in Sources */ = {isa = PBXBuildFile; fileRef = 786E965520B7C7C10057E103 /* FactsFeedModelTests.swift */; };
		786E965920B7CBF70057E103 /* DetailDataModel.swift in Sources */ = {isa = PBXBuildFile; fileRef = 786E965820B7CBF70057E103 /* DetailDataModel.swift */; };
		786E965B20B7CCB00057E103 /* DetailDataModelTests.swift in Sources */ = {isa = PBXBuildFile; fileRef = 786E965A20B7CCB00057E103 /* DetailDataModelTests.swift */; };
		786E965D20B7CDF50057E103 /* FactsFeedViewModel.swift in Sources */ = {isa = PBXBuildFile; fileRef = 786E965C20B7CDF50057E103 /* FactsFeedViewModel.swift */; };
		786E966120B7CE3E0057E103 /* FactsFeedNetworkingHandler.swift in Sources */ = {isa = PBXBuildFile; fileRef = 786E966020B7CE3E0057E103 /* FactsFeedNetworkingHandler.swift */; };
		786E966320B7CE620057E103 /* DetailDataViewModel.swift in Sources */ = {isa = PBXBuildFile; fileRef = 786E966220B7CE620057E103 /* DetailDataViewModel.swift */; };
		786E966520B7CF100057E103 /* FactsFeedCollectionViewController.swift in Sources */ = {isa = PBXBuildFile; fileRef = 786E966420B7CF100057E103 /* FactsFeedCollectionViewController.swift */; };
		786E966720B7CF600057E103 /* FactsFeedCollectionViewCell.swift in Sources */ = {isa = PBXBuildFile; fileRef = 786E966620B7CF600057E103 /* FactsFeedCollectionViewCell.swift */; };
		786E966920B7DEE40057E103 /* FactsFeedViewModelTests.swift in Sources */ = {isa = PBXBuildFile; fileRef = 786E966820B7DEE40057E103 /* FactsFeedViewModelTests.swift */; };
		786E966B20B7E6830057E103 /* DetailDataViewModelTests.swift in Sources */ = {isa = PBXBuildFile; fileRef = 786E966A20B7E6830057E103 /* DetailDataViewModelTests.swift */; };
		78FB633C20B7C03E00BAE957 /* AppDelegate.swift in Sources */ = {isa = PBXBuildFile; fileRef = 78FB633B20B7C03E00BAE957 /* AppDelegate.swift */; };
		78FB633E20B7C03E00BAE957 /* ViewController.swift in Sources */ = {isa = PBXBuildFile; fileRef = 78FB633D20B7C03E00BAE957 /* ViewController.swift */; };
		78FB634120B7C03E00BAE957 /* Main.storyboard in Resources */ = {isa = PBXBuildFile; fileRef = 78FB633F20B7C03E00BAE957 /* Main.storyboard */; };
		78FB634320B7C04000BAE957 /* Assets.xcassets in Resources */ = {isa = PBXBuildFile; fileRef = 78FB634220B7C04000BAE957 /* Assets.xcassets */; };
		78FB634620B7C04000BAE957 /* LaunchScreen.storyboard in Resources */ = {isa = PBXBuildFile; fileRef = 78FB634420B7C04000BAE957 /* LaunchScreen.storyboard */; };
		78FB635C20B7C04000BAE957 /* FactsUITests.swift in Sources */ = {isa = PBXBuildFile; fileRef = 78FB635B20B7C04000BAE957 /* FactsUITests.swift */; };
		78FB636A20B7C0BB00BAE957 /* FactsFeedModel.swift in Sources */ = {isa = PBXBuildFile; fileRef = 78FB636920B7C0BB00BAE957 /* FactsFeedModel.swift */; };
/* End PBXBuildFile section */

/* Begin PBXContainerItemProxy section */
		78FB634D20B7C04000BAE957 /* PBXContainerItemProxy */ = {
			isa = PBXContainerItemProxy;
			containerPortal = 78FB633020B7C03E00BAE957 /* Project object */;
			proxyType = 1;
			remoteGlobalIDString = 78FB633720B7C03E00BAE957;
			remoteInfo = Facts;
		};
		78FB635820B7C04000BAE957 /* PBXContainerItemProxy */ = {
			isa = PBXContainerItemProxy;
			containerPortal = 78FB633020B7C03E00BAE957 /* Project object */;
			proxyType = 1;
			remoteGlobalIDString = 78FB633720B7C03E00BAE957;
			remoteInfo = Facts;
		};
/* End PBXContainerItemProxy section */

/* Begin PBXFileReference section */
		786E965520B7C7C10057E103 /* FactsFeedModelTests.swift */ = {isa = PBXFileReference; lastKnownFileType = sourcecode.swift; path = FactsFeedModelTests.swift; sourceTree = "<group>"; };
		786E965820B7CBF70057E103 /* DetailDataModel.swift */ = {isa = PBXFileReference; lastKnownFileType = sourcecode.swift; path = DetailDataModel.swift; sourceTree = "<group>"; };
		786E965A20B7CCB00057E103 /* DetailDataModelTests.swift */ = {isa = PBXFileReference; lastKnownFileType = sourcecode.swift; path = DetailDataModelTests.swift; sourceTree = "<group>"; };
		786E965C20B7CDF50057E103 /* FactsFeedViewModel.swift */ = {isa = PBXFileReference; lastKnownFileType = sourcecode.swift; path = FactsFeedViewModel.swift; sourceTree = "<group>"; };
		786E966020B7CE3E0057E103 /* FactsFeedNetworkingHandler.swift */ = {isa = PBXFileReference; lastKnownFileType = sourcecode.swift; path = FactsFeedNetworkingHandler.swift; sourceTree = "<group>"; };
		786E966220B7CE620057E103 /* DetailDataViewModel.swift */ = {isa = PBXFileReference; lastKnownFileType = sourcecode.swift; path = DetailDataViewModel.swift; sourceTree = "<group>"; };
		786E966420B7CF100057E103 /* FactsFeedCollectionViewController.swift */ = {isa = PBXFileReference; lastKnownFileType = sourcecode.swift; path = FactsFeedCollectionViewController.swift; sourceTree = "<group>"; };
		786E966620B7CF600057E103 /* FactsFeedCollectionViewCell.swift */ = {isa = PBXFileReference; lastKnownFileType = sourcecode.swift; path = FactsFeedCollectionViewCell.swift; sourceTree = "<group>"; };
		786E966820B7DEE40057E103 /* FactsFeedViewModelTests.swift */ = {isa = PBXFileReference; lastKnownFileType = sourcecode.swift; path = FactsFeedViewModelTests.swift; sourceTree = "<group>"; };
		786E966A20B7E6830057E103 /* DetailDataViewModelTests.swift */ = {isa = PBXFileReference; lastKnownFileType = sourcecode.swift; path = DetailDataViewModelTests.swift; sourceTree = "<group>"; };
		78FB633820B7C03E00BAE957 /* Facts.app */ = {isa = PBXFileReference; explicitFileType = wrapper.application; includeInIndex = 0; path = Facts.app; sourceTree = BUILT_PRODUCTS_DIR; };
		78FB633B20B7C03E00BAE957 /* AppDelegate.swift */ = {isa = PBXFileReference; lastKnownFileType = sourcecode.swift; path = AppDelegate.swift; sourceTree = "<group>"; };
		78FB633D20B7C03E00BAE957 /* ViewController.swift */ = {isa = PBXFileReference; lastKnownFileType = sourcecode.swift; path = ViewController.swift; sourceTree = "<group>"; };
		78FB634020B7C03E00BAE957 /* Base */ = {isa = PBXFileReference; lastKnownFileType = file.storyboard; name = Base; path = Base.lproj/Main.storyboard; sourceTree = "<group>"; };
		78FB634220B7C04000BAE957 /* Assets.xcassets */ = {isa = PBXFileReference; lastKnownFileType = folder.assetcatalog; path = Assets.xcassets; sourceTree = "<group>"; };
		78FB634520B7C04000BAE957 /* Base */ = {isa = PBXFileReference; lastKnownFileType = file.storyboard; name = Base; path = Base.lproj/LaunchScreen.storyboard; sourceTree = "<group>"; };
		78FB634720B7C04000BAE957 /* Info.plist */ = {isa = PBXFileReference; lastKnownFileType = text.plist.xml; path = Info.plist; sourceTree = "<group>"; };
		78FB634C20B7C04000BAE957 /* FactsTests.xctest */ = {isa = PBXFileReference; explicitFileType = wrapper.cfbundle; includeInIndex = 0; path = FactsTests.xctest; sourceTree = BUILT_PRODUCTS_DIR; };
		78FB635220B7C04000BAE957 /* Info.plist */ = {isa = PBXFileReference; lastKnownFileType = text.plist.xml; path = Info.plist; sourceTree = "<group>"; };
		78FB635720B7C04000BAE957 /* FactsUITests.xctest */ = {isa = PBXFileReference; explicitFileType = wrapper.cfbundle; includeInIndex = 0; path = FactsUITests.xctest; sourceTree = BUILT_PRODUCTS_DIR; };
		78FB635B20B7C04000BAE957 /* FactsUITests.swift */ = {isa = PBXFileReference; lastKnownFileType = sourcecode.swift; path = FactsUITests.swift; sourceTree = "<group>"; };
		78FB635D20B7C04000BAE957 /* Info.plist */ = {isa = PBXFileReference; lastKnownFileType = text.plist.xml; path = Info.plist; sourceTree = "<group>"; };
		78FB636920B7C0BB00BAE957 /* FactsFeedModel.swift */ = {isa = PBXFileReference; lastKnownFileType = sourcecode.swift; path = FactsFeedModel.swift; sourceTree = "<group>"; };
/* End PBXFileReference section */

/* Begin PBXFrameworksBuildPhase section */
		78FB633520B7C03E00BAE957 /* Frameworks */ = {
			isa = PBXFrameworksBuildPhase;
			buildActionMask = 2147483647;
			files = (
			);
			runOnlyForDeploymentPostprocessing = 0;
		};
		78FB634920B7C04000BAE957 /* Frameworks */ = {
			isa = PBXFrameworksBuildPhase;
			buildActionMask = 2147483647;
			files = (
			);
			runOnlyForDeploymentPostprocessing = 0;
		};
		78FB635420B7C04000BAE957 /* Frameworks */ = {
			isa = PBXFrameworksBuildPhase;
			buildActionMask = 2147483647;
			files = (
			);
			runOnlyForDeploymentPostprocessing = 0;
		};
/* End PBXFrameworksBuildPhase section */

/* Begin PBXGroup section */
		786E965720B7C9F40057E103 /* Models */ = {
			isa = PBXGroup;
			children = (
				78FB636920B7C0BB00BAE957 /* FactsFeedModel.swift */,
				786E965820B7CBF70057E103 /* DetailDataModel.swift */,
			);
			path = Models;
			sourceTree = "<group>";
		};
		786E965E20B7CDFC0057E103 /* ViewModels */ = {
			isa = PBXGroup;
			children = (
				786E965C20B7CDF50057E103 /* FactsFeedViewModel.swift */,
				786E966020B7CE3E0057E103 /* FactsFeedNetworkingHandler.swift */,
				786E966220B7CE620057E103 /* DetailDataViewModel.swift */,
			);
			path = ViewModels;
			sourceTree = "<group>";
		};
		786E965F20B7CE0F0057E103 /* Views */ = {
			isa = PBXGroup;
			children = (
				78FB633D20B7C03E00BAE957 /* ViewController.swift */,
				786E966420B7CF100057E103 /* FactsFeedCollectionViewController.swift */,
				786E966620B7CF600057E103 /* FactsFeedCollectionViewCell.swift */,
			);
			path = Views;
			sourceTree = "<group>";
		};
		786E966C20B7E6A40057E103 /* ModelTests */ = {
			isa = PBXGroup;
			children = (
				786E965520B7C7C10057E103 /* FactsFeedModelTests.swift */,
				786E965A20B7CCB00057E103 /* DetailDataModelTests.swift */,
			);
			path = ModelTests;
			sourceTree = "<group>";
		};
		786E966D20B7E6B80057E103 /* ViewModelTests */ = {
			isa = PBXGroup;
			children = (
				786E966820B7DEE40057E103 /* FactsFeedViewModelTests.swift */,
				786E966A20B7E6830057E103 /* DetailDataViewModelTests.swift */,
			);
			path = ViewModelTests;
			sourceTree = "<group>";
		};
		78FB632F20B7C03E00BAE957 = {
			isa = PBXGroup;
			children = (
				78FB633A20B7C03E00BAE957 /* Facts */,
				78FB634F20B7C04000BAE957 /* FactsTests */,
				78FB635A20B7C04000BAE957 /* FactsUITests */,
				78FB633920B7C03E00BAE957 /* Products */,
			);
			sourceTree = "<group>";
		};
		78FB633920B7C03E00BAE957 /* Products */ = {
			isa = PBXGroup;
			children = (
				78FB633820B7C03E00BAE957 /* Facts.app */,
				78FB634C20B7C04000BAE957 /* FactsTests.xctest */,
				78FB635720B7C04000BAE957 /* FactsUITests.xctest */,
			);
			name = Products;
			sourceTree = "<group>";
		};
		78FB633A20B7C03E00BAE957 /* Facts */ = {
			isa = PBXGroup;
			children = (
				78FB633B20B7C03E00BAE957 /* AppDelegate.swift */,
				786E965F20B7CE0F0057E103 /* Views */,
				78FB633F20B7C03E00BAE957 /* Main.storyboard */,
				78FB634220B7C04000BAE957 /* Assets.xcassets */,
				78FB634420B7C04000BAE957 /* LaunchScreen.storyboard */,
				78FB634720B7C04000BAE957 /* Info.plist */,
				786E965720B7C9F40057E103 /* Models */,
				786E965E20B7CDFC0057E103 /* ViewModels */,
			);
			path = Facts;
			sourceTree = "<group>";
		};
		78FB634F20B7C04000BAE957 /* FactsTests */ = {
			isa = PBXGroup;
			children = (
				78FB635220B7C04000BAE957 /* Info.plist */,
				786E966C20B7E6A40057E103 /* ModelTests */,
				786E966D20B7E6B80057E103 /* ViewModelTests */,
			);
			path = FactsTests;
			sourceTree = "<group>";
		};
		78FB635A20B7C04000BAE957 /* FactsUITests */ = {
			isa = PBXGroup;
			children = (
				78FB635B20B7C04000BAE957 /* FactsUITests.swift */,
				78FB635D20B7C04000BAE957 /* Info.plist */,
			);
			path = FactsUITests;
			sourceTree = "<group>";
		};
/* End PBXGroup section */

/* Begin PBXNativeTarget section */
		78FB633720B7C03E00BAE957 /* Facts */ = {
			isa = PBXNativeTarget;
			buildConfigurationList = 78FB636020B7C04000BAE957 /* Build configuration list for PBXNativeTarget "Facts" */;
			buildPhases = (
				78FB633420B7C03E00BAE957 /* Sources */,
				78FB633520B7C03E00BAE957 /* Frameworks */,
				78FB633620B7C03E00BAE957 /* Resources */,
			);
			buildRules = (
			);
			dependencies = (
			);
			name = Facts;
			productName = Facts;
			productReference = 78FB633820B7C03E00BAE957 /* Facts.app */;
			productType = "com.apple.product-type.application";
		};
		78FB634B20B7C04000BAE957 /* FactsTests */ = {
			isa = PBXNativeTarget;
			buildConfigurationList = 78FB636320B7C04000BAE957 /* Build configuration list for PBXNativeTarget "FactsTests" */;
			buildPhases = (
				78FB634820B7C04000BAE957 /* Sources */,
				78FB634920B7C04000BAE957 /* Frameworks */,
				78FB634A20B7C04000BAE957 /* Resources */,
			);
			buildRules = (
			);
			dependencies = (
				78FB634E20B7C04000BAE957 /* PBXTargetDependency */,
			);
			name = FactsTests;
			productName = FactsTests;
			productReference = 78FB634C20B7C04000BAE957 /* FactsTests.xctest */;
			productType = "com.apple.product-type.bundle.unit-test";
		};
		78FB635620B7C04000BAE957 /* FactsUITests */ = {
			isa = PBXNativeTarget;
			buildConfigurationList = 78FB636620B7C04000BAE957 /* Build configuration list for PBXNativeTarget "FactsUITests" */;
			buildPhases = (
				78FB635320B7C04000BAE957 /* Sources */,
				78FB635420B7C04000BAE957 /* Frameworks */,
				78FB635520B7C04000BAE957 /* Resources */,
			);
			buildRules = (
			);
			dependencies = (
				78FB635920B7C04000BAE957 /* PBXTargetDependency */,
			);
			name = FactsUITests;
			productName = FactsUITests;
			productReference = 78FB635720B7C04000BAE957 /* FactsUITests.xctest */;
			productType = "com.apple.product-type.bundle.ui-testing";
		};
/* End PBXNativeTarget section */

/* Begin PBXProject section */
		78FB633020B7C03E00BAE957 /* Project object */ = {
			isa = PBXProject;
			attributes = {
				LastSwiftUpdateCheck = 0930;
				LastUpgradeCheck = 0930;
				ORGANIZATIONNAME = com.nafisa;
				TargetAttributes = {
					78FB633720B7C03E00BAE957 = {
						CreatedOnToolsVersion = 9.3;
					};
					78FB634B20B7C04000BAE957 = {
						CreatedOnToolsVersion = 9.3;
						TestTargetID = 78FB633720B7C03E00BAE957;
					};
					78FB635620B7C04000BAE957 = {
						CreatedOnToolsVersion = 9.3;
						TestTargetID = 78FB633720B7C03E00BAE957;
					};
				};
			};
			buildConfigurationList = 78FB633320B7C03E00BAE957 /* Build configuration list for PBXProject "Facts" */;
			compatibilityVersion = "Xcode 9.3";
			developmentRegion = en;
			hasScannedForEncodings = 0;
			knownRegions = (
				en,
				Base,
			);
			mainGroup = 78FB632F20B7C03E00BAE957;
			productRefGroup = 78FB633920B7C03E00BAE957 /* Products */;
			projectDirPath = "";
			projectRoot = "";
			targets = (
				78FB633720B7C03E00BAE957 /* Facts */,
				78FB634B20B7C04000BAE957 /* FactsTests */,
				78FB635620B7C04000BAE957 /* FactsUITests */,
			);
		};
/* End PBXProject section */

/* Begin PBXResourcesBuildPhase section */
		78FB633620B7C03E00BAE957 /* Resources */ = {
			isa = PBXResourcesBuildPhase;
			buildActionMask = 2147483647;
			files = (
				78FB634620B7C04000BAE957 /* LaunchScreen.storyboard in Resources */,
				78FB634320B7C04000BAE957 /* Assets.xcassets in Resources */,
				78FB634120B7C03E00BAE957 /* Main.storyboard in Resources */,
			);
			runOnlyForDeploymentPostprocessing = 0;
		};
		78FB634A20B7C04000BAE957 /* Resources */ = {
			isa = PBXResourcesBuildPhase;
			buildActionMask = 2147483647;
			files = (
			);
			runOnlyForDeploymentPostprocessing = 0;
		};
		78FB635520B7C04000BAE957 /* Resources */ = {
			isa = PBXResourcesBuildPhase;
			buildActionMask = 2147483647;
			files = (
			);
			runOnlyForDeploymentPostprocessing = 0;
		};
/* End PBXResourcesBuildPhase section */

/* Begin PBXSourcesBuildPhase section */
		78FB633420B7C03E00BAE957 /* Sources */ = {
			isa = PBXSourcesBuildPhase;
			buildActionMask = 2147483647;
			files = (
				78FB633E20B7C03E00BAE957 /* ViewController.swift in Sources */,
				78FB633C20B7C03E00BAE957 /* AppDelegate.swift in Sources */,
				786E966520B7CF100057E103 /* FactsFeedCollectionViewController.swift in Sources */,
				786E966720B7CF600057E103 /* FactsFeedCollectionViewCell.swift in Sources */,
				786E965920B7CBF70057E103 /* DetailDataModel.swift in Sources */,
				786E966320B7CE620057E103 /* DetailDataViewModel.swift in Sources */,
				786E965D20B7CDF50057E103 /* FactsFeedViewModel.swift in Sources */,
				786E966120B7CE3E0057E103 /* FactsFeedNetworkingHandler.swift in Sources */,
				78FB636A20B7C0BB00BAE957 /* FactsFeedModel.swift in Sources */,
			);
			runOnlyForDeploymentPostprocessing = 0;
		};
		78FB634820B7C04000BAE957 /* Sources */ = {
			isa = PBXSourcesBuildPhase;
			buildActionMask = 2147483647;
			files = (
				786E965B20B7CCB00057E103 /* DetailDataModelTests.swift in Sources */,
				786E966B20B7E6830057E103 /* DetailDataViewModelTests.swift in Sources */,
				786E965620B7C7C10057E103 /* FactsFeedModelTests.swift in Sources */,
				786E966920B7DEE40057E103 /* FactsFeedViewModelTests.swift in Sources */,
			);
			runOnlyForDeploymentPostprocessing = 0;
		};
		78FB635320B7C04000BAE957 /* Sources */ = {
			isa = PBXSourcesBuildPhase;
			buildActionMask = 2147483647;
			files = (
				78FB635C20B7C04000BAE957 /* FactsUITests.swift in Sources */,
			);
			runOnlyForDeploymentPostprocessing = 0;
		};
/* End PBXSourcesBuildPhase section */

/* Begin PBXTargetDependency section */
		78FB634E20B7C04000BAE957 /* PBXTargetDependency */ = {
			isa = PBXTargetDependency;
			target = 78FB633720B7C03E00BAE957 /* Facts */;
			targetProxy = 78FB634D20B7C04000BAE957 /* PBXContainerItemProxy */;
		};
		78FB635920B7C04000BAE957 /* PBXTargetDependency */ = {
			isa = PBXTargetDependency;
			target = 78FB633720B7C03E00BAE957 /* Facts */;
			targetProxy = 78FB635820B7C04000BAE957 /* PBXContainerItemProxy */;
		};
/* End PBXTargetDependency section */

/* Begin PBXVariantGroup section */
		78FB633F20B7C03E00BAE957 /* Main.storyboard */ = {
			isa = PBXVariantGroup;
			children = (
				78FB634020B7C03E00BAE957 /* Base */,
			);
			name = Main.storyboard;
			sourceTree = "<group>";
		};
		78FB634420B7C04000BAE957 /* LaunchScreen.storyboard */ = {
			isa = PBXVariantGroup;
			children = (
				78FB634520B7C04000BAE957 /* Base */,
			);
			name = LaunchScreen.storyboard;
			sourceTree = "<group>";
		};
/* End PBXVariantGroup section */

/* Begin XCBuildConfiguration section */
		78FB635E20B7C04000BAE957 /* Debug */ = {
			isa = XCBuildConfiguration;
			buildSettings = {
				ALWAYS_SEARCH_USER_PATHS = NO;
				CLANG_ANALYZER_NONNULL = YES;
				CLANG_ANALYZER_NUMBER_OBJECT_CONVERSION = YES_AGGRESSIVE;
				CLANG_CXX_LANGUAGE_STANDARD = "gnu++14";
				CLANG_CXX_LIBRARY = "libc++";
				CLANG_ENABLE_MODULES = YES;
				CLANG_ENABLE_OBJC_ARC = YES;
				CLANG_ENABLE_OBJC_WEAK = YES;
				CLANG_WARN_BLOCK_CAPTURE_AUTORELEASING = YES;
				CLANG_WARN_BOOL_CONVERSION = YES;
				CLANG_WARN_COMMA = YES;
				CLANG_WARN_CONSTANT_CONVERSION = YES;
				CLANG_WARN_DEPRECATED_OBJC_IMPLEMENTATIONS = YES;
				CLANG_WARN_DIRECT_OBJC_ISA_USAGE = YES_ERROR;
				CLANG_WARN_DOCUMENTATION_COMMENTS = YES;
				CLANG_WARN_EMPTY_BODY = YES;
				CLANG_WARN_ENUM_CONVERSION = YES;
				CLANG_WARN_INFINITE_RECURSION = YES;
				CLANG_WARN_INT_CONVERSION = YES;
				CLANG_WARN_NON_LITERAL_NULL_CONVERSION = YES;
				CLANG_WARN_OBJC_IMPLICIT_RETAIN_SELF = YES;
				CLANG_WARN_OBJC_LITERAL_CONVERSION = YES;
				CLANG_WARN_OBJC_ROOT_CLASS = YES_ERROR;
				CLANG_WARN_RANGE_LOOP_ANALYSIS = YES;
				CLANG_WARN_STRICT_PROTOTYPES = YES;
				CLANG_WARN_SUSPICIOUS_MOVE = YES;
				CLANG_WARN_UNGUARDED_AVAILABILITY = YES_AGGRESSIVE;
				CLANG_WARN_UNREACHABLE_CODE = YES;
				CLANG_WARN__DUPLICATE_METHOD_MATCH = YES;
				CODE_SIGN_IDENTITY = "iPhone Developer";
				COPY_PHASE_STRIP = NO;
				DEBUG_INFORMATION_FORMAT = dwarf;
				ENABLE_STRICT_OBJC_MSGSEND = YES;
				ENABLE_TESTABILITY = YES;
				GCC_C_LANGUAGE_STANDARD = gnu11;
				GCC_DYNAMIC_NO_PIC = NO;
				GCC_NO_COMMON_BLOCKS = YES;
				GCC_OPTIMIZATION_LEVEL = 0;
				GCC_PREPROCESSOR_DEFINITIONS = (
					"DEBUG=1",
					"$(inherited)",
				);
				GCC_WARN_64_TO_32_BIT_CONVERSION = YES;
				GCC_WARN_ABOUT_RETURN_TYPE = YES_ERROR;
				GCC_WARN_UNDECLARED_SELECTOR = YES;
				GCC_WARN_UNINITIALIZED_AUTOS = YES_AGGRESSIVE;
				GCC_WARN_UNUSED_FUNCTION = YES;
				GCC_WARN_UNUSED_VARIABLE = YES;
				IPHONEOS_DEPLOYMENT_TARGET = 11.3;
				MTL_ENABLE_DEBUG_INFO = YES;
				ONLY_ACTIVE_ARCH = YES;
				SDKROOT = iphoneos;
				SWIFT_ACTIVE_COMPILATION_CONDITIONS = DEBUG;
				SWIFT_OPTIMIZATION_LEVEL = "-Onone";
			};
			name = Debug;
		};
		78FB635F20B7C04000BAE957 /* Release */ = {
			isa = XCBuildConfiguration;
			buildSettings = {
				ALWAYS_SEARCH_USER_PATHS = NO;
				CLANG_ANALYZER_NONNULL = YES;
				CLANG_ANALYZER_NUMBER_OBJECT_CONVERSION = YES_AGGRESSIVE;
				CLANG_CXX_LANGUAGE_STANDARD = "gnu++14";
				CLANG_CXX_LIBRARY = "libc++";
				CLANG_ENABLE_MODULES = YES;
				CLANG_ENABLE_OBJC_ARC = YES;
				CLANG_ENABLE_OBJC_WEAK = YES;
				CLANG_WARN_BLOCK_CAPTURE_AUTORELEASING = YES;
				CLANG_WARN_BOOL_CONVERSION = YES;
				CLANG_WARN_COMMA = YES;
				CLANG_WARN_CONSTANT_CONVERSION = YES;
				CLANG_WARN_DEPRECATED_OBJC_IMPLEMENTATIONS = YES;
				CLANG_WARN_DIRECT_OBJC_ISA_USAGE = YES_ERROR;
				CLANG_WARN_DOCUMENTATION_COMMENTS = YES;
				CLANG_WARN_EMPTY_BODY = YES;
				CLANG_WARN_ENUM_CONVERSION = YES;
				CLANG_WARN_INFINITE_RECURSION = YES;
				CLANG_WARN_INT_CONVERSION = YES;
				CLANG_WARN_NON_LITERAL_NULL_CONVERSION = YES;
				CLANG_WARN_OBJC_IMPLICIT_RETAIN_SELF = YES;
				CLANG_WARN_OBJC_LITERAL_CONVERSION = YES;
				CLANG_WARN_OBJC_ROOT_CLASS = YES_ERROR;
				CLANG_WARN_RANGE_LOOP_ANALYSIS = YES;
				CLANG_WARN_STRICT_PROTOTYPES = YES;
				CLANG_WARN_SUSPICIOUS_MOVE = YES;
				CLANG_WARN_UNGUARDED_AVAILABILITY = YES_AGGRESSIVE;
				CLANG_WARN_UNREACHABLE_CODE = YES;
				CLANG_WARN__DUPLICATE_METHOD_MATCH = YES;
				CODE_SIGN_IDENTITY = "iPhone Developer";
				COPY_PHASE_STRIP = NO;
				DEBUG_INFORMATION_FORMAT = "dwarf-with-dsym";
				ENABLE_NS_ASSERTIONS = NO;
				ENABLE_STRICT_OBJC_MSGSEND = YES;
				GCC_C_LANGUAGE_STANDARD = gnu11;
				GCC_NO_COMMON_BLOCKS = YES;
				GCC_WARN_64_TO_32_BIT_CONVERSION = YES;
				GCC_WARN_ABOUT_RETURN_TYPE = YES_ERROR;
				GCC_WARN_UNDECLARED_SELECTOR = YES;
				GCC_WARN_UNINITIALIZED_AUTOS = YES_AGGRESSIVE;
				GCC_WARN_UNUSED_FUNCTION = YES;
				GCC_WARN_UNUSED_VARIABLE = YES;
				IPHONEOS_DEPLOYMENT_TARGET = 11.3;
				MTL_ENABLE_DEBUG_INFO = NO;
				SDKROOT = iphoneos;
				SWIFT_COMPILATION_MODE = wholemodule;
				SWIFT_OPTIMIZATION_LEVEL = "-O";
				VALIDATE_PRODUCT = YES;
			};
			name = Release;
		};
		78FB636120B7C04000BAE957 /* Debug */ = {
			isa = XCBuildConfiguration;
			buildSettings = {
				ASSETCATALOG_COMPILER_APPICON_NAME = AppIcon;
				CODE_SIGN_STYLE = Automatic;
				DEVELOPMENT_TEAM = 42KMS8LBB5;
				INFOPLIST_FILE = Facts/Info.plist;
				IPHONEOS_DEPLOYMENT_TARGET = 9.0;
				LD_RUNPATH_SEARCH_PATHS = (
					"$(inherited)",
					"@executable_path/Frameworks",
				);
				PRODUCT_BUNDLE_IDENTIFIER = com.nafisa.Facts;
				PRODUCT_NAME = "$(TARGET_NAME)";
				SWIFT_VERSION = 4.0;
				TARGETED_DEVICE_FAMILY = "1,2";
			};
			name = Debug;
		};
		78FB636220B7C04000BAE957 /* Release */ = {
			isa = XCBuildConfiguration;
			buildSettings = {
				ASSETCATALOG_COMPILER_APPICON_NAME = AppIcon;
				CODE_SIGN_STYLE = Automatic;
				DEVELOPMENT_TEAM = 42KMS8LBB5;
				INFOPLIST_FILE = Facts/Info.plist;
				IPHONEOS_DEPLOYMENT_TARGET = 9.0;
				LD_RUNPATH_SEARCH_PATHS = (
					"$(inherited)",
					"@executable_path/Frameworks",
				);
				PRODUCT_BUNDLE_IDENTIFIER = com.nafisa.Facts;
				PRODUCT_NAME = "$(TARGET_NAME)";
				SWIFT_VERSION = 4.0;
				TARGETED_DEVICE_FAMILY = "1,2";
			};
			name = Release;
		};
		78FB636420B7C04000BAE957 /* Debug */ = {
			isa = XCBuildConfiguration;
			buildSettings = {
				ALWAYS_EMBED_SWIFT_STANDARD_LIBRARIES = YES;
				BUNDLE_LOADER = "$(TEST_HOST)";
				CODE_SIGN_STYLE = Automatic;
				DEVELOPMENT_TEAM = 42KMS8LBB5;
				INFOPLIST_FILE = FactsTests/Info.plist;
				LD_RUNPATH_SEARCH_PATHS = (
					"$(inherited)",
					"@executable_path/Frameworks",
					"@loader_path/Frameworks",
				);
				PRODUCT_BUNDLE_IDENTIFIER = com.nafisa.FactsTests;
				PRODUCT_NAME = "$(TARGET_NAME)";
				SWIFT_VERSION = 4.0;
				TARGETED_DEVICE_FAMILY = "1,2";
				TEST_HOST = "$(BUILT_PRODUCTS_DIR)/Facts.app/Facts";
			};
			name = Debug;
		};
		78FB636520B7C04000BAE957 /* Release */ = {
			isa = XCBuildConfiguration;
			buildSettings = {
				ALWAYS_EMBED_SWIFT_STANDARD_LIBRARIES = YES;
				BUNDLE_LOADER = "$(TEST_HOST)";
				CODE_SIGN_STYLE = Automatic;
				DEVELOPMENT_TEAM = 42KMS8LBB5;
				INFOPLIST_FILE = FactsTests/Info.plist;
				LD_RUNPATH_SEARCH_PATHS = (
					"$(inherited)",
					"@executable_path/Frameworks",
					"@loader_path/Frameworks",
				);
				PRODUCT_BUNDLE_IDENTIFIER = com.nafisa.FactsTests;
				PRODUCT_NAME = "$(TARGET_NAME)";
				SWIFT_VERSION = 4.0;
				TARGETED_DEVICE_FAMILY = "1,2";
				TEST_HOST = "$(BUILT_PRODUCTS_DIR)/Facts.app/Facts";
			};
			name = Release;
		};
		78FB636720B7C04000BAE957 /* Debug */ = {
			isa = XCBuildConfiguration;
			buildSettings = {
				ALWAYS_EMBED_SWIFT_STANDARD_LIBRARIES = YES;
				CODE_SIGN_STYLE = Automatic;
				DEVELOPMENT_TEAM = 42KMS8LBB5;
				INFOPLIST_FILE = FactsUITests/Info.plist;
				LD_RUNPATH_SEARCH_PATHS = (
					"$(inherited)",
					"@executable_path/Frameworks",
					"@loader_path/Frameworks",
				);
				PRODUCT_BUNDLE_IDENTIFIER = com.nafisa.FactsUITests;
				PRODUCT_NAME = "$(TARGET_NAME)";
				SWIFT_VERSION = 4.0;
				TARGETED_DEVICE_FAMILY = "1,2";
				TEST_TARGET_NAME = Facts;
			};
			name = Debug;
		};
		78FB636820B7C04000BAE957 /* Release */ = {
			isa = XCBuildConfiguration;
			buildSettings = {
				ALWAYS_EMBED_SWIFT_STANDARD_LIBRARIES = YES;
				CODE_SIGN_STYLE = Automatic;
				DEVELOPMENT_TEAM = 42KMS8LBB5;
				INFOPLIST_FILE = FactsUITests/Info.plist;
				LD_RUNPATH_SEARCH_PATHS = (
					"$(inherited)",
					"@executable_path/Frameworks",
					"@loader_path/Frameworks",
				);
				PRODUCT_BUNDLE_IDENTIFIER = com.nafisa.FactsUITests;
				PRODUCT_NAME = "$(TARGET_NAME)";
				SWIFT_VERSION = 4.0;
				TARGETED_DEVICE_FAMILY = "1,2";
				TEST_TARGET_NAME = Facts;
			};
			name = Release;
		};
/* End XCBuildConfiguration section */

/* Begin XCConfigurationList section */
		78FB633320B7C03E00BAE957 /* Build configuration list for PBXProject "Facts" */ = {
			isa = XCConfigurationList;
			buildConfigurations = (
				78FB635E20B7C04000BAE957 /* Debug */,
				78FB635F20B7C04000BAE957 /* Release */,
			);
			defaultConfigurationIsVisible = 0;
			defaultConfigurationName = Release;
		};
		78FB636020B7C04000BAE957 /* Build configuration list for PBXNativeTarget "Facts" */ = {
			isa = XCConfigurationList;
			buildConfigurations = (
				78FB636120B7C04000BAE957 /* Debug */,
				78FB636220B7C04000BAE957 /* Release */,
			);
			defaultConfigurationIsVisible = 0;
			defaultConfigurationName = Release;
		};
		78FB636320B7C04000BAE957 /* Build configuration list for PBXNativeTarget "FactsTests" */ = {
			isa = XCConfigurationList;
			buildConfigurations = (
				78FB636420B7C04000BAE957 /* Debug */,
				78FB636520B7C04000BAE957 /* Release */,
			);
			defaultConfigurationIsVisible = 0;
			defaultConfigurationName = Release;
		};
		78FB636620B7C04000BAE957 /* Build configuration list for PBXNativeTarget "FactsUITests" */ = {
			isa = XCConfigurationList;
			buildConfigurations = (
				78FB636720B7C04000BAE957 /* Debug */,
				78FB636820B7C04000BAE957 /* Release */,
			);
			defaultConfigurationIsVisible = 0;
			defaultConfigurationName = Release;
		};
/* End XCConfigurationList section */
	};
	rootObject = 78FB633020B7C03E00BAE957 /* Project object */;
}
